
Microsoft Visual Studio Solution File, Format Version 12.00
# Visual Studio Version 16
VisualStudioVersion = 16.0.31410.357
MinimumVisualStudioVersion = 10.0.40219.1
Project("{FAE04EC0-301F-11D3-BF4B-00C04F79EFBC}") = "u20502509_HW4", "u20502509_HW4\u20502509_HW4.csproj", "{B4733B53-EC24-458A-9182-E287EC256A5B}"
EndProject
Global
	GlobalSection(SolutionConfigurationPlatforms) = preSolution
		Debug|Any CPU = Debug|Any CPU
		Release|Any CPU = Release|Any CPU
	EndGlobalSection
	GlobalSection(ProjectConfigurationPlatforms) = postSolution
		{B4733B53-EC24-458A-9182-E287EC256A5B}.Debug|Any CPU.ActiveCfg = Debug|Any CPU
		{B4733B53-EC24-458A-9182-E287EC256A5B}.Debug|Any CPU.Build.0 = Debug|Any CPU
		{B4733B53-EC24-458A-9182-E287EC256A5B}.Release|Any CPU.ActiveCfg = Release|Any CPU
		{B4733B53-EC24-458A-9182-E287EC256A5B}.Release|Any CPU.Build.0 = Release|Any CPU
	EndGlobalSection
	GlobalSection(SolutionProperties) = preSolution
		HideSolutionNode = FALSE
	EndGlobalSection
	GlobalSection(ExtensibilityGlobals) = postSolution
		SolutionGuid = {58D280C1-300E-4319-98B2-51C764A15809}
	EndGlobalSection
EndGlobal
